
Microsoft Visual Studio Solution File, Format Version 11.00
# Visual Studio 2010
Project("{FAE04EC0-301F-11D3-BF4B-00C04F79EFBC}") = "Assembly-CSharp", "Assembly-CSharp.csproj", "{89de1a7c-d1ff-5bbe-9519-d5ee31a3fabc}"
EndProject
Project("{FAE04EC0-301F-11D3-BF4B-00C04F79EFBC}") = "NavMeshComponents", "NavMeshComponents.csproj", "{930dfc1f-547f-06db-9db1-4750477c44ac}"
EndProject
Project("{FAE04EC0-301F-11D3-BF4B-00C04F79EFBC}") = "NavMeshComponentsEditor", "NavMeshComponentsEditor.csproj", "{2c25c18f-ed60-9942-d848-20ae79355db3}"
EndProject
Global
	GlobalSection(SolutionConfigurationPlatforms) = preSolution
		Debug|Any CPU = Debug|Any CPU
	EndGlobalSection
	GlobalSection(ProjectConfigurationPlatforms) = postSolution
		{89de1a7c-d1ff-5bbe-9519-d5ee31a3fabc}.Debug|Any CPU.ActiveCfg = Debug|Any CPU
		{89de1a7c-d1ff-5bbe-9519-d5ee31a3fabc}.Debug|Any CPU.Build.0 = Debug|Any CPU
		{930dfc1f-547f-06db-9db1-4750477c44ac}.Debug|Any CPU.ActiveCfg = Debug|Any CPU
		{930dfc1f-547f-06db-9db1-4750477c44ac}.Debug|Any CPU.Build.0 = Debug|Any CPU
		{2c25c18f-ed60-9942-d848-20ae79355db3}.Debug|Any CPU.ActiveCfg = Debug|Any CPU
		{2c25c18f-ed60-9942-d848-20ae79355db3}.Debug|Any CPU.Build.0 = Debug|Any CPU
	EndGlobalSection
	GlobalSection(SolutionProperties) = preSolution
		HideSolutionNode = FALSE
	EndGlobalSection
EndGlobal
